// !$*UTF8*$!
{
	archiveVersion = 1;
	classes = {
	};
	objectVersion = 77;
	objects = {

/* Begin PBXContainerItemProxy section */
		AA3447F92E588E7800283D60 /* PBXContainerItemProxy */ = {
			isa = PBXContainerItemProxy;
			containerPortal = AA3447E32E588E7500283D60 /* Project object */;
			proxyType = 1;
			remoteGlobalIDString = AA3447EA2E588E7500283D60;
			remoteInfo = DashCricketApp;
		};
		AA3448032E588E7800283D60 /* PBXContainerItemProxy */ = {
			isa = PBXContainerItemProxy;
			containerPortal = AA3447E32E588E7500283D60 /* Project object */;
			proxyType = 1;
			remoteGlobalIDString = AA3447EA2E588E7500283D60;
			remoteInfo = DashCricketApp;
		};
/* End PBXContainerItemProxy section */

/* Begin PBXFileReference section */
		AA3447EB2E588E7500283D60 /* DashCricketApp.app */ = {isa = PBXFileReference; explicitFileType = wrapper.application; includeInIndex = 0; path = DashCricketApp.app; sourceTree = BUILT_PRODUCTS_DIR; };
		AA3447F82E588E7800283D60 /* DashCricketAppTests.xctest */ = {isa = PBXFileReference; explicitFileType = wrapper.cfbundle; includeInIndex = 0; path = DashCricketAppTests.xctest; sourceTree = BUILT_PRODUCTS_DIR; };
		AA3448022E588E7800283D60 /* DashCricketAppUITests.xctest */ = {isa = PBXFileReference; explicitFileType = wrapper.cfbundle; includeInIndex = 0; path = DashCricketAppUITests.xctest; sourceTree = BUILT_PRODUCTS_DIR; };
/* End PBXFileReference section */

/* Begin PBXFileSystemSynchronizedBuildFileExceptionSet section */
		AA34487A2E58995600283D60 /* Exceptions for "DashCricketApp" folder in "DashCricketApp" target */ = {
			isa = PBXFileSystemSynchronizedBuildFileExceptionSet;
			membershipExceptions = (
				Info.plist,
			);
			target = AA3447EA2E588E7500283D60 /* DashCricketApp */;
		};
/* End PBXFileSystemSynchronizedBuildFileExceptionSet section */

/* Begin PBXFileSystemSynchronizedRootGroup section */
		AA3447ED2E588E7500283D60 /* DashCricketApp */ = {
			isa = PBXFileSystemSynchronizedRootGroup;
			exceptions = (
				AA34487A2E58995600283D60 /* Exceptions for "DashCricketApp" folder in "DashCricketApp" target */,
			);
			path = DashCricketApp;
			sourceTree = "<group>";
		};
		AA3447FB2E588E7800283D60 /* DashCricketAppTests */ = {
			isa = PBXFileSystemSynchronizedRootGroup;
			path = DashCricketAppTests;
			sourceTree = "<group>";
		};
		AA3448052E588E7800283D60 /* DashCricketAppUITests */ = {
			isa = PBXFileSystemSynchronizedRootGroup;
			path = DashCricketAppUITests;
			sourceTree = "<group>";
		};
/* End PBXFileSystemSynchronizedRootGroup section */

/* Begin PBXFrameworksBuildPhase section */
		AA3447E82E588E7500283D60 /* Frameworks */ = {
			isa = PBXFrameworksBuildPhase;
			buildActionMask = 2147483647;
			files = (
			);
			runOnlyForDeploymentPostprocessing = 0;
		};
		AA3447F52E588E7800283D60 /* Frameworks */ = {
			isa = PBXFrameworksBuildPhase;
			buildActionMask = 2147483647;
			files = (
			);
			runOnlyForDeploymentPostprocessing = 0;
		};
		AA3447FF2E588E7800283D60 /* Frameworks */ = {
			isa = PBXFrameworksBuildPhase;
			buildActionMask = 2147483647;
			files = (
			);
			runOnlyForDeploymentPostprocessing = 0;
		};
/* End PBXFrameworksBuildPhase section */

/* Begin PBXGroup section */
		AA3447E22E588E7500283D60 = {
			isa = PBXGroup;
			children = (
				AA3447ED2E588E7500283D60 /* DashCricketApp */,
				AA3447FB2E588E7800283D60 /* DashCricketAppTests */,
				AA3448052E588E7800283D60 /* DashCricketAppUITests */,
				AA3447EC2E588E7500283D60 /* Products */,
			);
			sourceTree = "<group>";
		};
		AA3447EC2E588E7500283D60 /* Products */ = {
			isa = PBXGroup;
			children = (
				AA3447EB2E588E7500283D60 /* DashCricketApp.app */,
				AA3447F82E588E7800283D60 /* DashCricketAppTests.xctest */,
				AA3448022E588E7800283D60 /* DashCricketAppUITests.xctest */,
			);
			name = Products;
			sourceTree = "<group>";
		};
/* End PBXGroup section */

/* Begin PBXNativeTarget section */
		AA3447EA2E588E7500283D60 /* DashCricketApp */ = {
			isa = PBXNativeTarget;
			buildConfigurationList = AA34480C2E588E7800283D60 /* Build configuration list for PBXNativeTarget "DashCricketApp" */;
			buildPhases = (
				AA3447E72E588E7500283D60 /* Sources */,
				AA3447E82E588E7500283D60 /* Frameworks */,
				AA3447E92E588E7500283D60 /* Resources */,
			);
			buildRules = (
			);
			dependencies = (
			);
			fileSystemSynchronizedGroups = (
				AA3447ED2E588E7500283D60 /* DashCricketApp */,
			);
			name = DashCricketApp;
			packageProductDependencies = (
			);
			productName = DashCricketApp;
			productReference = AA3447EB2E588E7500283D60 /* DashCricketApp.app */;
			productType = "com.apple.product-type.application";
		};
		AA3447F72E588E7800283D60 /* DashCricketAppTests */ = {
			isa = PBXNativeTarget;
			buildConfigurationList = AA34480F2E588E7800283D60 /* Build configuration list for PBXNativeTarget "DashCricketAppTests" */;
			buildPhases = (
				AA3447F42E588E7800283D60 /* Sources */,
				AA3447F52E588E7800283D60 /* Frameworks */,
				AA3447F62E588E7800283D60 /* Resources */,
			);
			buildRules = (
			);
			dependencies = (
				AA3447FA2E588E7800283D60 /* PBXTargetDependency */,
			);
			fileSystemSynchronizedGroups = (
				AA3447FB2E588E7800283D60 /* DashCricketAppTests */,
			);
			name = DashCricketAppTests;
			packageProductDependencies = (
			);
			productName = DashCricketAppTests;
			productReference = AA3447F82E588E7800283D60 /* DashCricketAppTests.xctest */;
			productType = "com.apple.product-type.bundle.unit-test";
		};
		AA3448012E588E7800283D60 /* DashCricketAppUITests */ = {
			isa = PBXNativeTarget;
			buildConfigurationList = AA3448122E588E7800283D60 /* Build configuration list for PBXNativeTarget "DashCricketAppUITests" */;
			buildPhases = (
				AA3447FE2E588E7800283D60 /* Sources */,
				AA3447FF2E588E7800283D60 /* Frameworks */,
				AA3448002E588E7800283D60 /* Resources */,
			);
			buildRules = (
			);
			dependencies = (
				AA3448042E588E7800283D60 /* PBXTargetDependency */,
			);
			fileSystemSynchronizedGroups = (
				AA3448052E588E7800283D60 /* DashCricketAppUITests */,
			);
			name = DashCricketAppUITests;
			packageProductDependencies = (
			);
			productName = DashCricketAppUITests;
			productReference = AA3448022E588E7800283D60 /* DashCricketAppUITests.xctest */;
			productType = "com.apple.product-type.bundle.ui-testing";
		};
/* End PBXNativeTarget section */

/* Begin PBXProject section */
		AA3447E32E588E7500283D60 /* Project object */ = {
			isa = PBXProject;
			attributes = {
				BuildIndependentTargetsInParallel = 1;
				LastSwiftUpdateCheck = 1640;
				LastUpgradeCheck = 1640;
				TargetAttributes = {
					AA3447EA2E588E7500283D60 = {
						CreatedOnToolsVersion = 16.4;
					};
					AA3447F72E588E7800283D60 = {
						CreatedOnToolsVersion = 16.4;
						TestTargetID = AA3447EA2E588E7500283D60;
					};
					AA3448012E588E7800283D60 = {
						CreatedOnToolsVersion = 16.4;
						TestTargetID = AA3447EA2E588E7500283D60;
					};
				};
			};
			buildConfigurationList = AA3447E62E588E7500283D60 /* Build configuration list for PBXProject "DashCricketApp" */;
			developmentRegion = en;
			hasScannedForEncodings = 0;
			knownRegions = (
				en,
				Base,
			);
			mainGroup = AA3447E22E588E7500283D60;
			minimizedProjectReferenceProxies = 1;
			preferredProjectObjectVersion = 77;
			productRefGroup = AA3447EC2E588E7500283D60 /* Products */;
			projectDirPath = "";
			projectRoot = "";
			targets = (
				AA3447EA2E588E7500283D60 /* DashCricketApp */,
				AA3447F72E588E7800283D60 /* DashCricketAppTests */,
				AA3448012E588E7800283D60 /* DashCricketAppUITests */,
			);
		};
/* End PBXProject section */

/* Begin PBXResourcesBuildPhase section */
		AA3447E92E588E7500283D60 /* Resources */ = {
			isa = PBXResourcesBuildPhase;
			buildActionMask = 2147483647;
			files = (
			);
			runOnlyForDeploymentPostprocessing = 0;
		};
		AA3447F62E588E7800283D60 /* Resources */ = {
			isa = PBXResourcesBuildPhase;
			buildActionMask = 2147483647;
			files = (
			);
			runOnlyForDeploymentPostprocessing = 0;
		};
		AA3448002E588E7800283D60 /* Resources */ = {
			isa = PBXResourcesBuildPhase;
			buildActionMask = 2147483647;
			files = (
			);
			runOnlyForDeploymentPostprocessing = 0;
		};
/* End PBXResourcesBuildPhase section */

/* Begin PBXSourcesBuildPhase section */
		AA3447E72E588E7500283D60 /* Sources */ = {
			isa = PBXSourcesBuildPhase;
			buildActionMask = 2147483647;
			files = (
			);
			runOnlyForDeploymentPostprocessing = 0;
		};
		AA3447F42E588E7800283D60 /* Sources */ = {
			isa = PBXSourcesBuildPhase;
			buildActionMask = 2147483647;
			files = (
			);
			runOnlyForDeploymentPostprocessing = 0;
		};
		AA3447FE2E588E7800283D60 /* Sources */ = {
			isa = PBXSourcesBuildPhase;
			buildActionMask = 2147483647;
			files = (
			);
			runOnlyForDeploymentPostprocessing = 0;
		};
/* End PBXSourcesBuildPhase section */

/* Begin PBXTargetDependency section */
		AA3447FA2E588E7800283D60 /* PBXTargetDependency */ = {
			isa = PBXTargetDependency;
			target = AA3447EA2E588E7500283D60 /* DashCricketApp */;
			targetProxy = AA3447F92E588E7800283D60 /* PBXContainerItemProxy */;
		};
		AA3448042E588E7800283D60 /* PBXTargetDependency */ = {
			isa = PBXTargetDependency;
			target = AA3447EA2E588E7500283D60 /* DashCricketApp */;
			targetProxy = AA3448032E588E7800283D60 /* PBXContainerItemProxy */;
		};
/* End PBXTargetDependency section */

/* Begin XCBuildConfiguration section */
		AA34480A2E588E7800283D60 /* Debug */ = {
			isa = XCBuildConfiguration;
			buildSettings = {
				ALWAYS_SEARCH_USER_PATHS = NO;
				ASSETCATALOG_COMPILER_GENERATE_SWIFT_ASSET_SYMBOL_EXTENSIONS = YES;
				CLANG_ANALYZER_NONNULL = YES;
				CLANG_ANALYZER_NUMBER_OBJECT_CONVERSION = YES_AGGRESSIVE;
				CLANG_CXX_LANGUAGE_STANDARD = "gnu++20";
				CLANG_ENABLE_MODULES = YES;
				CLANG_ENABLE_OBJC_ARC = YES;
				CLANG_ENABLE_OBJC_WEAK = YES;
				CLANG_WARN_BLOCK_CAPTURE_AUTORELEASING = YES;
				CLANG_WARN_BOOL_CONVERSION = YES;
				CLANG_WARN_COMMA = YES;
				CLANG_WARN_CONSTANT_CONVERSION = YES;
				CLANG_WARN_DEPRECATED_OBJC_IMPLEMENTATIONS = YES;
				CLANG_WARN_DIRECT_OBJC_ISA_USAGE = YES_ERROR;
				CLANG_WARN_DOCUMENTATION_COMMENTS = YES;
				CLANG_WARN_EMPTY_BODY = YES;
				CLANG_WARN_ENUM_CONVERSION = YES;
				CLANG_WARN_INFINITE_RECURSION = YES;
				CLANG_WARN_INT_CONVERSION = YES;
				CLANG_WARN_NON_LITERAL_NULL_CONVERSION = YES;
				CLANG_WARN_OBJC_IMPLICIT_RETAIN_SELF = YES;
				CLANG_WARN_OBJC_LITERAL_CONVERSION = YES;
				CLANG_WARN_OBJC_ROOT_CLASS = YES_ERROR;
				CLANG_WARN_QUOTED_INCLUDE_IN_FRAMEWORK_HEADER = YES;
				CLANG_WARN_RANGE_LOOP_ANALYSIS = YES;
				CLANG_WARN_STRICT_PROTOTYPES = YES;
				CLANG_WARN_SUSPICIOUS_MOVE = YES;
				CLANG_WARN_UNGUARDED_AVAILABILITY = YES_AGGRESSIVE;
				CLANG_WARN_UNREACHABLE_CODE = YES;
				CLANG_WARN__DUPLICATE_METHOD_MATCH = YES;
				COPY_PHASE_STRIP = NO;
				DEBUG_INFORMATION_FORMAT = dwarf;
				ENABLE_STRICT_OBJC_MSGSEND = YES;
				ENABLE_TESTABILITY = YES;
				ENABLE_USER_SCRIPT_SANDBOXING = YES;
				GCC_C_LANGUAGE_STANDARD = gnu17;
				GCC_DYNAMIC_NO_PIC = NO;
				GCC_NO_COMMON_BLOCKS = YES;
				GCC_OPTIMIZATION_LEVEL = 0;
				GCC_PREPROCESSOR_DEFINITIONS = (
					"DEBUG=1",
					"$(inherited)",
				);
				GCC_WARN_64_TO_32_BIT_CONVERSION = YES;
				GCC_WARN_ABOUT_RETURN_TYPE = YES_ERROR;
				GCC_WARN_UNDECLARED_SELECTOR = YES;
				GCC_WARN_UNINITIALIZED_AUTOS = YES_AGGRESSIVE;
				GCC_WARN_UNUSED_FUNCTION = YES;
				GCC_WARN_UNUSED_VARIABLE = YES;
				IPHONEOS_DEPLOYMENT_TARGET = 18.5;
				LOCALIZATION_PREFERS_STRING_CATALOGS = YES;
				MTL_ENABLE_DEBUG_INFO = INCLUDE_SOURCE;
				MTL_FAST_MATH = YES;
				ONLY_ACTIVE_ARCH = YES;
				SDKROOT = iphoneos;
				SWIFT_ACTIVE_COMPILATION_CONDITIONS = "DEBUG $(inherited)";
				SWIFT_OPTIMIZATION_LEVEL = "-Onone";
			};
			name = Debug;
		};
		AA34480B2E588E7800283D60 /* Release */ = {
			isa = XCBuildConfiguration;
			buildSettings = {
				ALWAYS_SEARCH_USER_PATHS = NO;
				ASSETCATALOG_COMPILER_GENERATE_SWIFT_ASSET_SYMBOL_EXTENSIONS = YES;
				CLANG_ANALYZER_NONNULL = YES;
				CLANG_ANALYZER_NUMBER_OBJECT_CONVERSION = YES_AGGRESSIVE;
				CLANG_CXX_LANGUAGE_STANDARD = "gnu++20";
				CLANG_ENABLE_MODULES = YES;
				CLANG_ENABLE_OBJC_ARC = YES;
				CLANG_ENABLE_OBJC_WEAK = YES;
				CLANG_WARN_BLOCK_CAPTURE_AUTORELEASING = YES;
				CLANG_WARN_BOOL_CONVERSION = YES;
				CLANG_WARN_COMMA = YES;
				CLANG_WARN_CONSTANT_CONVERSION = YES;
				CLANG_WARN_DEPRECATED_OBJC_IMPLEMENTATIONS = YES;
				CLANG_WARN_DIRECT_OBJC_ISA_USAGE = YES_ERROR;
				CLANG_WARN_DOCUMENTATION_COMMENTS = YES;
				CLANG_WARN_EMPTY_BODY = YES;
				CLANG_WARN_ENUM_CONVERSION = YES;
				CLANG_WARN_INFINITE_RECURSION = YES;
				CLANG_WARN_INT_CONVERSION = YES;
				CLANG_WARN_NON_LITERAL_NULL_CONVERSION = YES;
				CLANG_WARN_OBJC_IMPLICIT_RETAIN_SELF = YES;
				CLANG_WARN_OBJC_LITERAL_CONVERSION = YES;
				CLANG_WARN_OBJC_ROOT_CLASS = YES_ERROR;
				CLANG_WARN_QUOTED_INCLUDE_IN_FRAMEWORK_HEADER = YES;
				CLANG_WARN_RANGE_LOOP_ANALYSIS = YES;
				CLANG_WARN_STRICT_PROTOTYPES = YES;
				CLANG_WARN_SUSPICIOUS_MOVE = YES;
				CLANG_WARN_UNGUARDED_AVAILABILITY = YES_AGGRESSIVE;
				CLANG_WARN_UNREACHABLE_CODE = YES;
				CLANG_WARN__DUPLICATE_METHOD_MATCH = YES;
				COPY_PHASE_STRIP = NO;
				DEBUG_INFORMATION_FORMAT = "dwarf-with-dsym";
				ENABLE_NS_ASSERTIONS = NO;
				ENABLE_STRICT_OBJC_MSGSEND = YES;
				ENABLE_USER_SCRIPT_SANDBOXING = YES;
				GCC_C_LANGUAGE_STANDARD = gnu17;
				GCC_NO_COMMON_BLOCKS = YES;
				GCC_WARN_64_TO_32_BIT_CONVERSION = YES;
				GCC_WARN_ABOUT_RETURN_TYPE = YES_ERROR;
				GCC_WARN_UNDECLARED_SELECTOR = YES;
				GCC_WARN_UNINITIALIZED_AUTOS = YES_AGGRESSIVE;
				GCC_WARN_UNUSED_FUNCTION = YES;
				GCC_WARN_UNUSED_VARIABLE = YES;
				IPHONEOS_DEPLOYMENT_TARGET = 18.5;
				LOCALIZATION_PREFERS_STRING_CATALOGS = YES;
				MTL_ENABLE_DEBUG_INFO = NO;
				MTL_FAST_MATH = YES;
				SDKROOT = iphoneos;
				SWIFT_COMPILATION_MODE = wholemodule;
				VALIDATE_PRODUCT = YES;
			};
			name = Release;
		};
		AA34480D2E588E7800283D60 /* Debug */ = {
			isa = XCBuildConfiguration;
			buildSettings = {
				ASSETCATALOG_COMPILER_APPICON_NAME = AppIcon;
				ASSETCATALOG_COMPILER_GLOBAL_ACCENT_COLOR_NAME = AccentColor;
				CODE_SIGN_STYLE = Automatic;
				CURRENT_PROJECT_VERSION = 1;
				ENABLE_PREVIEWS = YES;
				GENERATE_INFOPLIST_FILE = YES;
				INFOPLIST_KEY_UIApplicationSceneManifest_Generation = YES;
				INFOPLIST_KEY_UIApplicationSupportsIndirectInputEvents = YES;
				INFOPLIST_KEY_UILaunchScreen_Generation = YES;
				INFOPLIST_KEY_UISupportedInterfaceOrientations_iPad = "UIInterfaceOrientationPortrait UIInterfaceOrientationPortraitUpsideDown UIInterfaceOrientationLandscapeLeft UIInterfaceOrientationLandscapeRight";
				INFOPLIST_KEY_UISupportedInterfaceOrientations_iPhone = "UIInterfaceOrientationPortrait UIInterfaceOrientationLandscapeLeft UIInterfaceOrientationLandscapeRight";
				LD_RUNPATH_SEARCH_PATHS = (
					"$(inherited)",
					"@executable_path/Frameworks",
				);
				MARKETING_VERSION = 1.0;
				PRODUCT_BUNDLE_IDENTIFIER = com.ashutoshapp.DashCricketApp;
				PRODUCT_NAME = "$(TARGET_NAME)";
				SWIFT_EMIT_LOC_STRINGS = YES;
				SWIFT_VERSION = 5.0;
				TARGETED_DEVICE_FAMILY = "1,2";
			};
			name = Debug;
		};
		AA34480E2E588E7800283D60 /* Release */ = {
			isa = XCBuildConfiguration;
			buildSettings = {
				ASSETCATALOG_COMPILER_APPICON_NAME = AppIcon;
				ASSETCATALOG_COMPILER_GLOBAL_ACCENT_COLOR_NAME = AccentColor;
				CODE_SIGN_STYLE = Automatic;
				CURRENT_PROJECT_VERSION = 1;
				ENABLE_PREVIEWS = YES;
				GENERATE_INFOPLIST_FILE = YES;
				INFOPLIST_KEY_UIApplicationSceneManifest_Generation = YES;
				INFOPLIST_KEY_UIApplicationSupportsIndirectInputEvents = YES;
				INFOPLIST_KEY_UILaunchScreen_Generation = YES;
				INFOPLIST_KEY_UISupportedInterfaceOrientations_iPad = "UIInterfaceOrientationPortrait UIInterfaceOrientationPortraitUpsideDown UIInterfaceOrientationLandscapeLeft UIInterfaceOrientationLandscapeRight";
				INFOPLIST_KEY_UISupportedInterfaceOrientations_iPhone = "UIInterfaceOrientationPortrait UIInterfaceOrientationLandscapeLeft UIInterfaceOrientationLandscapeRight";
				LD_RUNPATH_SEARCH_PATHS = (
					"$(inherited)",
					"@executable_path/Frameworks",
				);
				MARKETING_VERSION = 1.0;
				PRODUCT_BUNDLE_IDENTIFIER = com.ashutoshapp.DashCricketApp;
				PRODUCT_NAME = "$(TARGET_NAME)";
				SWIFT_EMIT_LOC_STRINGS = YES;
				SWIFT_VERSION = 5.0;
				TARGETED_DEVICE_FAMILY = "1,2";
			};
			name = Release;
		};
		AA3448102E588E7800283D60 /* Debug */ = {
			isa = XCBuildConfiguration;
			buildSettings = {
				BUNDLE_LOADER = "$(TEST_HOST)";
				CODE_SIGN_STYLE = Automatic;
				CURRENT_PROJECT_VERSION = 1;
				GENERATE_INFOPLIST_FILE = YES;
				IPHONEOS_DEPLOYMENT_TARGET = 18.5;
				MARKETING_VERSION = 1.0;
				PRODUCT_BUNDLE_IDENTIFIER = com.ashutoshapp.DashCricketAppTests;
				PRODUCT_NAME = "$(TARGET_NAME)";
				SWIFT_EMIT_LOC_STRINGS = NO;
				SWIFT_VERSION = 5.0;
				TARGETED_DEVICE_FAMILY = "1,2";
				TEST_HOST = "$(BUILT_PRODUCTS_DIR)/DashCricketApp.app/$(BUNDLE_EXECUTABLE_FOLDER_PATH)/DashCricketApp";
			};
			name = Debug;
		};
		AA3448112E588E7800283D60 /* Release */ = {
			isa = XCBuildConfiguration;
			buildSettings = {
				BUNDLE_LOADER = "$(TEST_HOST)";
				CODE_SIGN_STYLE = Automatic;
				CURRENT_PROJECT_VERSION = 1;
				GENERATE_INFOPLIST_FILE = YES;
				IPHONEOS_DEPLOYMENT_TARGET = 18.5;
				MARKETING_VERSION = 1.0;
				PRODUCT_BUNDLE_IDENTIFIER = com.ashutoshapp.DashCricketAppTests;
				PRODUCT_NAME = "$(TARGET_NAME)";
				SWIFT_EMIT_LOC_STRINGS = NO;
				SWIFT_VERSION = 5.0;
				TARGETED_DEVICE_FAMILY = "1,2";
				TEST_HOST = "$(BUILT_PRODUCTS_DIR)/DashCricketApp.app/$(BUNDLE_EXECUTABLE_FOLDER_PATH)/DashCricketApp";
			};
			name = Release;
		};
		AA3448132E588E7800283D60 /* Debug */ = {
			isa = XCBuildConfiguration;
			buildSettings = {
				CODE_SIGN_STYLE = Automatic;
				CURRENT_PROJECT_VERSION = 1;
				GENERATE_INFOPLIST_FILE = YES;
				MARKETING_VERSION = 1.0;
				PRODUCT_BUNDLE_IDENTIFIER = com.ashutoshapp.DashCricketAppUITests;
				PRODUCT_NAME = "$(TARGET_NAME)";
				SWIFT_EMIT_LOC_STRINGS = NO;
				SWIFT_VERSION = 5.0;
				TARGETED_DEVICE_FAMILY = "1,2";
				TEST_TARGET_NAME = DashCricketApp;
			};
			name = Debug;
		};
		AA3448142E588E7800283D60 /* Release */ = {
			isa = XCBuildConfiguration;
			buildSettings = {
				CODE_SIGN_STYLE = Automatic;
				CURRENT_PROJECT_VERSION = 1;
				GENERATE_INFOPLIST_FILE = YES;
				MARKETING_VERSION = 1.0;
				PRODUCT_BUNDLE_IDENTIFIER = com.ashutoshapp.DashCricketAppUITests;
				PRODUCT_NAME = "$(TARGET_NAME)";
				SWIFT_EMIT_LOC_STRINGS = NO;
				SWIFT_VERSION = 5.0;
				TARGETED_DEVICE_FAMILY = "1,2";
				TEST_TARGET_NAME = DashCricketApp;
			};
			name = Release;
		};
/* End XCBuildConfiguration section */

/* Begin XCConfigurationList section */
		AA3447E62E588E7500283D60 /* Build configuration list for PBXProject "DashCricketApp" */ = {
			isa = XCConfigurationList;
			buildConfigurations = (
				AA34480A2E588E7800283D60 /* Debug */,
				AA34480B2E588E7800283D60 /* Release */,
			);
			defaultConfigurationIsVisible = 0;
			defaultConfigurationName = Release;
		};
		AA34480C2E588E7800283D60 /* Build configuration list for PBXNativeTarget "DashCricketApp" */ = {
			isa = XCConfigurationList;
			buildConfigurations = (
				AA34480D2E588E7800283D60 /* Debug */,
				AA34480E2E588E7800283D60 /* Release */,
			);
			defaultConfigurationIsVisible = 0;
			defaultConfigurationName = Release;
		};
		AA34480F2E588E7800283D60 /* Build configuration list for PBXNativeTarget "DashCricketAppTests" */ = {
			isa = XCConfigurationList;
			buildConfigurations = (
				AA3448102E588E7800283D60 /* Debug */,
				AA3448112E588E7800283D60 /* Release */,
			);
			defaultConfigurationIsVisible = 0;
			defaultConfigurationName = Release;
		};
		AA3448122E588E7800283D60 /* Build configuration list for PBXNativeTarget "DashCricketAppUITests" */ = {
			isa = XCConfigurationList;
			buildConfigurations = (
				AA3448132E588E7800283D60 /* Debug */,
				AA3448142E588E7800283D60 /* Release */,
			);
			defaultConfigurationIsVisible = 0;
			defaultConfigurationName = Release;
		};
/* End XCConfigurationList section */
	};
	rootObject = AA3447E32E588E7500283D60 /* Project object */;
}
